
Microsoft Visual Studio Solution File, Format Version 12.00
# Visual Studio Version 16
VisualStudioVersion = 16.0.30002.166
MinimumVisualStudioVersion = 10.0.40219.1
Project("{FAE04EC0-301F-11D3-BF4B-00C04F79EFBC}") = "Server", "Server\Server.csproj", "{73A53511-633F-4ED6-B81D-8E99F0F32D13}"
EndProject
Project("{FAE04EC0-301F-11D3-BF4B-00C04F79EFBC}") = "Client", "Client\Client.csproj", "{66F26F2C-9C98-4F96-9B2B-7C11FC530B0F}"
EndProject
Global
	GlobalSection(SolutionConfigurationPlatforms) = preSolution
		Debug|Any CPU = Debug|Any CPU
		Release|Any CPU = Release|Any CPU
	EndGlobalSection
	GlobalSection(ProjectConfigurationPlatforms) = postSolution
		{73A53511-633F-4ED6-B81D-8E99F0F32D13}.Debug|Any CPU.ActiveCfg = Debug|Any CPU
		{73A53511-633F-4ED6-B81D-8E99F0F32D13}.Debug|Any CPU.Build.0 = Debug|Any CPU
		{73A53511-633F-4ED6-B81D-8E99F0F32D13}.Release|Any CPU.ActiveCfg = Release|Any CPU
		{73A53511-633F-4ED6-B81D-8E99F0F32D13}.Release|Any CPU.Build.0 = Release|Any CPU
		{66F26F2C-9C98-4F96-9B2B-7C11FC530B0F}.Debug|Any CPU.ActiveCfg = Debug|Any CPU
		{66F26F2C-9C98-4F96-9B2B-7C11FC530B0F}.Debug|Any CPU.Build.0 = Debug|Any CPU
		{66F26F2C-9C98-4F96-9B2B-7C11FC530B0F}.Release|Any CPU.ActiveCfg = Release|Any CPU
		{66F26F2C-9C98-4F96-9B2B-7C11FC530B0F}.Release|Any CPU.Build.0 = Release|Any CPU
	EndGlobalSection
	GlobalSection(SolutionProperties) = preSolution
		HideSolutionNode = FALSE
	EndGlobalSection
	GlobalSection(ExtensibilityGlobals) = postSolution
		SolutionGuid = {C004EF61-38B9-4BB9-9FA6-E04AE2C3EFB2}
	EndGlobalSection
EndGlobal
